Microsoft Visual Studio Solution File, Format Version 12.00
# Visual Studio Version 17
VisualStudioVersion = 17.5.2.0
MinimumVisualStudioVersion = 10.0.40219.1
Project("{FAE04EC0-301F-11D3-BF4B-00C04F79EFBC}") = "BeyondBot_Bybit", "BeyondBot_Bybit.csproj", "{A0672BBD-9D55-3FED-BD3F-D1C0B05D3C90}"
EndProject
Global
	GlobalSection(SolutionConfigurationPlatforms) = preSolution
		Debug|Any CPU = Debug|Any CPU
		Release|Any CPU = Release|Any CPU
	EndGlobalSection
	GlobalSection(ProjectConfigurationPlatforms) = postSolution
		{A0672BBD-9D55-3FED-BD3F-D1C0B05D3C90}.Debug|Any CPU.ActiveCfg = Debug|Any CPU
		{A0672BBD-9D55-3FED-BD3F-D1C0B05D3C90}.Debug|Any CPU.Build.0 = Debug|Any CPU
		{A0672BBD-9D55-3FED-BD3F-D1C0B05D3C90}.Release|Any CPU.ActiveCfg = Release|Any CPU
		{A0672BBD-9D55-3FED-BD3F-D1C0B05D3C90}.Release|Any CPU.Build.0 = Release|Any CPU
	EndGlobalSection
	GlobalSection(SolutionProperties) = preSolution
		HideSolutionNode = FALSE
	EndGlobalSection
	GlobalSection(ExtensibilityGlobals) = postSolution
		SolutionGuid = {52F9E7CE-0A84-4572-BC23-0A662436A6AB}
	EndGlobalSection
EndGlobal
